Microsoft Visual Studio Solution File, Format Version 12.00
# Visual Studio Version 17
VisualStudioVersion = 17.5.2.0
MinimumVisualStudioVersion = 10.0.40219.1
Project("{FAE04EC0-301F-11D3-BF4B-00C04F79EFBC}") = "Sistema-Ferreteria", "Sistema-Ferreteria.csproj", "{7D474339-6745-1FE0-CCE8-A681423F2D73}"
EndProject
Global
	GlobalSection(SolutionConfigurationPlatforms) = preSolution
		Debug|Any CPU = Debug|Any CPU
		Release|Any CPU = Release|Any CPU
	EndGlobalSection
	GlobalSection(ProjectConfigurationPlatforms) = postSolution
		{7D474339-6745-1FE0-CCE8-A681423F2D73}.Debug|Any CPU.ActiveCfg = Debug|Any CPU
		{7D474339-6745-1FE0-CCE8-A681423F2D73}.Debug|Any CPU.Build.0 = Debug|Any CPU
		{7D474339-6745-1FE0-CCE8-A681423F2D73}.Release|Any CPU.ActiveCfg = Release|Any CPU
		{7D474339-6745-1FE0-CCE8-A681423F2D73}.Release|Any CPU.Build.0 = Release|Any CPU
	EndGlobalSection
	GlobalSection(SolutionProperties) = preSolution
		HideSolutionNode = FALSE
	EndGlobalSection
	GlobalSection(ExtensibilityGlobals) = postSolution
		SolutionGuid = {D85F68DD-816A-406B-AA7B-049C69517D5B}
	EndGlobalSection
EndGlobal
